
Microsoft Visual Studio Solution File, Format Version 12.00
# Visual Studio Version 17
VisualStudioVersion = 17.10.34928.147
MinimumVisualStudioVersion = 10.0.40219.1
Project("{FAE04EC0-301F-11D3-BF4B-00C04F79EFBC}") = "FirstCode", "FirstCode\FirstCode.csproj", "{8DA9B0CE-7885-4527-9B66-2A7F584D44D9}"
EndProject
Global
	GlobalSection(SolutionConfigurationPlatforms) = preSolution
		Debug|Any CPU = Debug|Any CPU
		Release|Any CPU = Release|Any CPU
	EndGlobalSection
	GlobalSection(ProjectConfigurationPlatforms) = postSolution
		{8DA9B0CE-7885-4527-9B66-2A7F584D44D9}.Debug|Any CPU.ActiveCfg = Debug|Any CPU
		{8DA9B0CE-7885-4527-9B66-2A7F584D44D9}.Debug|Any CPU.Build.0 = Debug|Any CPU
		{8DA9B0CE-7885-4527-9B66-2A7F584D44D9}.Release|Any CPU.ActiveCfg = Release|Any CPU
		{8DA9B0CE-7885-4527-9B66-2A7F584D44D9}.Release|Any CPU.Build.0 = Release|Any CPU
	EndGlobalSection
	GlobalSection(SolutionProperties) = preSolution
		HideSolutionNode = FALSE
	EndGlobalSection
	GlobalSection(ExtensibilityGlobals) = postSolution
		SolutionGuid = {C48169BA-EEA4-4B5C-B33B-A0A35490F19E}
	EndGlobalSection
EndGlobal
